
Microsoft Visual Studio Solution File, Format Version 12.00
# Visual Studio 15
Project("{FAE04EC0-301F-11D3-BF4B-00C04F79EFBC}") = "Assembly-CSharp", "Assembly-CSharp.csproj", "{CF61EF16-F4BD-256F-142E-BAED8F5DD2D3}"
EndProject
Project("{FAE04EC0-301F-11D3-BF4B-00C04F79EFBC}") = "Assembly-CSharp-Editor", "Assembly-CSharp-Editor.csproj", "{5C051AC3-7478-6210-A4C9-59C3D32F00CC}"
EndProject
Global
	GlobalSection(SolutionConfigurationPlatforms) = preSolution
		Debug|Any CPU = Debug|Any CPU
		Release|Any CPU = Release|Any CPU
	EndGlobalSection
	GlobalSection(ProjectConfigurationPlatforms) = postSolution
		{CF61EF16-F4BD-256F-142E-BAED8F5DD2D3}.Debug|Any CPU.ActiveCfg = Debug|Any CPU
		{CF61EF16-F4BD-256F-142E-BAED8F5DD2D3}.Debug|Any CPU.Build.0 = Debug|Any CPU
		{CF61EF16-F4BD-256F-142E-BAED8F5DD2D3}.Release|Any CPU.ActiveCfg = Release|Any CPU
		{CF61EF16-F4BD-256F-142E-BAED8F5DD2D3}.Release|Any CPU.Build.0 = Release|Any CPU
		{5C051AC3-7478-6210-A4C9-59C3D32F00CC}.Debug|Any CPU.ActiveCfg = Debug|Any CPU
		{5C051AC3-7478-6210-A4C9-59C3D32F00CC}.Debug|Any CPU.Build.0 = Debug|Any CPU
		{5C051AC3-7478-6210-A4C9-59C3D32F00CC}.Release|Any CPU.ActiveCfg = Release|Any CPU
		{5C051AC3-7478-6210-A4C9-59C3D32F00CC}.Release|Any CPU.Build.0 = Release|Any CPU
	EndGlobalSection
	GlobalSection(SolutionProperties) = preSolution
		HideSolutionNode = FALSE
	EndGlobalSection
EndGlobal
